// !$*UTF8*$!
{
	archiveVersion = 1;
	classes = {
	};
	objectVersion = 46;
	objects = {

/* Begin PBXBuildFile section */
		86DF0BF91BC45BA20058443C /* main.m in Sources */ = {isa = PBXBuildFile; fileRef = 86DF0BF81BC45BA20058443C /* main.m */; };
		86DF0BFC1BC45BA20058443C /* AppDelegate.m in Sources */ = {isa = PBXBuildFile; fileRef = 86DF0BFB1BC45BA20058443C /* AppDelegate.m */; };
		86DF0BFF1BC45BA20058443C /* FirstViewController.m in Sources */ = {isa = PBXBuildFile; fileRef = 86DF0BFE1BC45BA20058443C /* FirstViewController.m */; };
		86DF0C021BC45BA20058443C /* SecondViewController.m in Sources */ = {isa = PBXBuildFile; fileRef = 86DF0C011BC45BA20058443C /* SecondViewController.m */; };
		86DF0C051BC45BA20058443C /* Main.storyboard in Resources */ = {isa = PBXBuildFile; fileRef = 86DF0C031BC45BA20058443C /* Main.storyboard */; };
		86DF0C071BC45BA20058443C /* Assets.xcassets in Resources */ = {isa = PBXBuildFile; fileRef = 86DF0C061BC45BA20058443C /* Assets.xcassets */; };
		86DF0C0A1BC45BA20058443C /* LaunchScreen.storyboard in Resources */ = {isa = PBXBuildFile; fileRef = 86DF0C081BC45BA20058443C /* LaunchScreen.storyboard */; };
/* End PBXBuildFile section */

/* Begin PBXFileReference section */
		86DF0BF41BC45BA20058443C /* test2.app */ = {isa = PBXFileReference; explicitFileType = wrapper.application; includeInIndex = 0; path = test2.app; sourceTree = BUILT_PRODUCTS_DIR; };
		86DF0BF81BC45BA20058443C /* main.m */ = {isa = PBXFileReference; lastKnownFileType = sourcecode.c.objc; path = main.m; sourceTree = "<group>"; };
		86DF0BFA1BC45BA20058443C /* AppDelegate.h */ = {isa = PBXFileReference; lastKnownFileType = sourcecode.c.h; path = AppDelegate.h; sourceTree = "<group>"; };
		86DF0BFB1BC45BA20058443C /* AppDelegate.m */ = {isa = PBXFileReference; lastKnownFileType = sourcecode.c.objc; path = AppDelegate.m; sourceTree = "<group>"; };
		86DF0BFD1BC45BA20058443C /* FirstViewController.h */ = {isa = PBXFileReference; lastKnownFileType = sourcecode.c.h; path = FirstViewController.h; sourceTree = "<group>"; };
		86DF0BFE1BC45BA20058443C /* FirstViewController.m */ = {isa = PBXFileReference; lastKnownFileType = sourcecode.c.objc; path = FirstViewController.m; sourceTree = "<group>"; };
		86DF0C001BC45BA20058443C /* SecondViewController.h */ = {isa = PBXFileReference; lastKnownFileType = sourcecode.c.h; path = SecondViewController.h; sourceTree = "<group>"; };
		86DF0C011BC45BA20058443C /* SecondViewController.m */ = {isa = PBXFileReference; lastKnownFileType = sourcecode.c.objc; path = SecondViewController.m; sourceTree = "<group>"; };
		86DF0C041BC45BA20058443C /* Base */ = {isa = PBXFileReference; lastKnownFileType = file.storyboard; name = Base; path = Base.lproj/Main.storyboard; sourceTree = "<group>"; };
		86DF0C061BC45BA20058443C /* Assets.xcassets */ = {isa = PBXFileReference; lastKnownFileType = folder.assetcatalog; path = Assets.xcassets; sourceTree = "<group>"; };
		86DF0C091BC45BA20058443C /* Base */ = {isa = PBXFileReference; lastKnownFileType = file.storyboard; name = Base; path = Base.lproj/LaunchScreen.storyboard; sourceTree = "<group>"; };
		86DF0C0B1BC45BA20058443C /* Info.plist */ = {isa = PBXFileReference; lastKnownFileType = text.plist.xml; path = Info.plist; sourceTree = "<group>"; };
/* End PBXFileReference section */

/* Begin PBXFrameworksBuildPhase section */
		86DF0BF11BC45BA20058443C /* Frameworks */ = {
			isa = PBXFrameworksBuildPhase;
			buildActionMask = 2147483647;
			files = (
			);
			runOnlyForDeploymentPostprocessing = 0;
		};
/* End PBXFrameworksBuildPhase section */

/* Begin PBXGroup section */
		86DF0BEB1BC45BA20058443C = {
			isa = PBXGroup;
			children = (
				86DF0BF61BC45BA20058443C /* test2 */,
				86DF0BF51BC45BA20058443C /* Products */,
			);
			sourceTree = "<group>";
		};
		86DF0BF51BC45BA20058443C /* Products */ = {
			isa = PBXGroup;
			children = (
				86DF0BF41BC45BA20058443C /* test2.app */,
			);
			name = Products;
			sourceTree = "<group>";
		};
		86DF0BF61BC45BA20058443C /* test2 */ = {
			isa = PBXGroup;
			children = (
				86DF0BFA1BC45BA20058443C /* AppDelegate.h */,
				86DF0BFB1BC45BA20058443C /* AppDelegate.m */,
				86DF0BFD1BC45BA20058443C /* FirstViewController.h */,
				86DF0BFE1BC45BA20058443C /* FirstViewController.m */,
				86DF0C001BC45BA20058443C /* SecondViewController.h */,
				86DF0C011BC45BA20058443C /* SecondViewController.m */,
				86DF0C031BC45BA20058443C /* Main.storyboard */,
				86DF0C061BC45BA20058443C /* Assets.xcassets */,
				86DF0C081BC45BA20058443C /* LaunchScreen.storyboard */,
				86DF0C0B1BC45BA20058443C /* Info.plist */,
				86DF0BF71BC45BA20058443C /* Supporting Files */,
			);
			path = test2;
			sourceTree = "<group>";
		};
		86DF0BF71BC45BA20058443C /* Supporting Files */ = {
			isa = PBXGroup;
			children = (
				86DF0BF81BC45BA20058443C /* main.m */,
			);
			name = "Supporting Files";
			sourceTree = "<group>";
		};
/* End PBXGroup section */

/* Begin PBXNativeTarget section */
		86DF0BF31BC45BA20058443C /* test2 */ = {
			isa = PBXNativeTarget;
			buildConfigurationList = 86DF0C0E1BC45BA20058443C /* Build configuration list for PBXNativeTarget "test2" */;
			buildPhases = (
				86DF0BF01BC45BA20058443C /* Sources */,
				86DF0BF11BC45BA20058443C /* Frameworks */,
				86DF0BF21BC45BA20058443C /* Resources */,
			);
			buildRules = (
			);
			dependencies = (
			);
			name = test2;
			productName = test2;
			productReference = 86DF0BF41BC45BA20058443C /* test2.app */;
			productType = "com.apple.product-type.application";
		};
/* End PBXNativeTarget section */

/* Begin PBXProject section */
		86DF0BEC1BC45BA20058443C /* Project object */ = {
			isa = PBXProject;
			attributes = {
				LastUpgradeCheck = 0700;
				ORGANIZATIONNAME = "陈泱";
				TargetAttributes = {
					86DF0BF31BC45BA20058443C = {
						CreatedOnToolsVersion = 7.0.1;
					};
				};
			};
			buildConfigurationList = 86DF0BEF1BC45BA20058443C /* Build configuration list for PBXProject "test2" */;
			compatibilityVersion = "Xcode 3.2";
			developmentRegion = English;
			hasScannedForEncodings = 0;
			knownRegions = (
				en,
				Base,
			);
			mainGroup = 86DF0BEB1BC45BA20058443C;
			productRefGroup = 86DF0BF51BC45BA20058443C /* Products */;
			projectDirPath = "";
			projectRoot = "";
			targets = (
				86DF0BF31BC45BA20058443C /* test2 */,
			);
		};
/* End PBXProject section */

/* Begin PBXResourcesBuildPhase section */
		86DF0BF21BC45BA20058443C /* Resources */ = {
			isa = PBXResourcesBuildPhase;
			buildActionMask = 2147483647;
			files = (
				86DF0C0A1BC45BA20058443C /* LaunchScreen.storyboard in Resources */,
				86DF0C071BC45BA20058443C /* Assets.xcassets in Resources */,
				86DF0C051BC45BA20058443C /* Main.storyboard in Resources */,
			);
			runOnlyForDeploymentPostprocessing = 0;
		};
/* End PBXResourcesBuildPhase section */

/* Begin PBXSourcesBuildPhase section */
		86DF0BF01BC45BA20058443C /* Sources */ = {
			isa = PBXSourcesBuildPhase;
			buildActionMask = 2147483647;
			files = (
				86DF0C021BC45BA20058443C /* SecondViewController.m in Sources */,
				86DF0BFC1BC45BA20058443C /* AppDelegate.m in Sources */,
				86DF0BFF1BC45BA20058443C /* FirstViewController.m in Sources */,
				86DF0BF91BC45BA20058443C /* main.m in Sources */,
			);
			runOnlyForDeploymentPostprocessing = 0;
		};
/* End PBXSourcesBuildPhase section */

/* Begin PBXVariantGroup section */
		86DF0C031BC45BA20058443C /* Main.storyboard */ = {
			isa = PBXVariantGroup;
			children = (
				86DF0C041BC45BA20058443C /* Base */,
			);
			name = Main.storyboard;
			sourceTree = "<group>";
		};
		86DF0C081BC45BA20058443C /* LaunchScreen.storyboard */ = {
			isa = PBXVariantGroup;
			children = (
				86DF0C091BC45BA20058443C /* Base */,
			);
			name = LaunchScreen.storyboard;
			sourceTree = "<group>";
		};
/* End PBXVariantGroup section */

/* Begin XCBuildConfiguration section */
		86DF0C0C1BC45BA20058443C /* Debug */ = {
			isa = XCBuildConfiguration;
			buildSettings = {
				ALWAYS_SEARCH_USER_PATHS = NO;
				CLANG_CXX_LANGUAGE_STANDARD = "gnu++0x";
				CLANG_CXX_LIBRARY = "libc++";
				CLANG_ENABLE_MODULES = YES;
				CLANG_ENABLE_OBJC_ARC = YES;
				CLANG_WARN_BOOL_CONVERSION = YES;
				CLANG_WARN_CONSTANT_CONVERSION = YES;
				CLANG_WARN_DIRECT_OBJC_ISA_USAGE = YES_ERROR;
				CLANG_WARN_EMPTY_BODY = YES;
				CLANG_WARN_ENUM_CONVERSION = YES;
				CLANG_WARN_INT_CONVERSION = YES;
				CLANG_WARN_OBJC_ROOT_CLASS = YES_ERROR;
				CLANG_WARN_UNREACHABLE_CODE = YES;
				CLANG_WARN__DUPLICATE_METHOD_MATCH = YES;
				"CODE_SIGN_IDENTITY[sdk=iphoneos*]" = "iPhone Developer";
				COPY_PHASE_STRIP = NO;
				DEBUG_INFORMATION_FORMAT = dwarf;
				ENABLE_STRICT_OBJC_MSGSEND = YES;
				ENABLE_TESTABILITY = YES;
				GCC_C_LANGUAGE_STANDARD = gnu99;
				GCC_DYNAMIC_NO_PIC = NO;
				GCC_NO_COMMON_BLOCKS = YES;
				GCC_OPTIMIZATION_LEVEL = 0;
				GCC_PREPROCESSOR_DEFINITIONS = (
					"DEBUG=1",
					"$(inherited)",
				);
				GCC_WARN_64_TO_32_BIT_CONVERSION = YES;
				GCC_WARN_ABOUT_RETURN_TYPE = YES_ERROR;
				GCC_WARN_UNDECLARED_SELECTOR = YES;
				GCC_WARN_UNINITIALIZED_AUTOS = YES_AGGRESSIVE;
				GCC_WARN_UNUSED_FUNCTION = YES;
				GCC_WARN_UNUSED_VARIABLE = YES;
				IPHONEOS_DEPLOYMENT_TARGET = 9.0;
				MTL_ENABLE_DEBUG_INFO = YES;
				ONLY_ACTIVE_ARCH = YES;
				SDKROOT = iphoneos;
			};
			name = Debug;
		};
		86DF0C0D1BC45BA20058443C /* Release */ = {
			isa = XCBuildConfiguration;
			buildSettings = {
				ALWAYS_SEARCH_USER_PATHS = NO;
				CLANG_CXX_LANGUAGE_STANDARD = "gnu++0x";
				CLANG_CXX_LIBRARY = "libc++";
				CLANG_ENABLE_MODULES = YES;
				CLANG_ENABLE_OBJC_ARC = YES;
				CLANG_WARN_BOOL_CONVERSION = YES;
				CLANG_WARN_CONSTANT_CONVERSION = YES;
				CLANG_WARN_DIRECT_OBJC_ISA_USAGE = YES_ERROR;
				CLANG_WARN_EMPTY_BODY = YES;
				CLANG_WARN_ENUM_CONVERSION = YES;
				CLANG_WARN_INT_CONVERSION = YES;
				CLANG_WARN_OBJC_ROOT_CLASS = YES_ERROR;
				CLANG_WARN_UNREACHABLE_CODE = YES;
				CLANG_WARN__DUPLICATE_METHOD_MATCH = YES;
				"CODE_SIGN_IDENTITY[sdk=iphoneos*]" = "iPhone Developer";
				COPY_PHASE_STRIP = NO;
				DEBUG_INFORMATION_FORMAT = "dwarf-with-dsym";
				ENABLE_NS_ASSERTIONS = NO;
				ENABLE_STRICT_OBJC_MSGSEND = YES;
				GCC_C_LANGUAGE_STANDARD = gnu99;
				GCC_NO_COMMON_BLOCKS = YES;
				GCC_WARN_64_TO_32_BIT_CONVERSION = YES;
				GCC_WARN_ABOUT_RETURN_TYPE = YES_ERROR;
				GCC_WARN_UNDECLARED_SELECTOR = YES;
				GCC_WARN_UNINITIALIZED_AUTOS = YES_AGGRESSIVE;
				GCC_WARN_UNUSED_FUNCTION = YES;
				GCC_WARN_UNUSED_VARIABLE = YES;
				IPHONEOS_DEPLOYMENT_TARGET = 9.0;
				MTL_ENABLE_DEBUG_INFO = NO;
				SDKROOT = iphoneos;
				VALIDATE_PRODUCT = YES;
			};
			name = Release;
		};
		86DF0C0F1BC45BA20058443C /* Debug */ = {
			isa = XCBuildConfiguration;
			buildSettings = {
				ASSETCATALOG_COMPILER_APPICON_NAME = AppIcon;
				INFOPLIST_FILE = test2/Info.plist;
				LD_RUNPATH_SEARCH_PATHS = "$(inherited) @executable_path/Frameworks";
				PRODUCT_BUNDLE_IDENTIFIER = YunYing.test2;
				PRODUCT_NAME = "$(TARGET_NAME)";
			};
			name = Debug;
		};
		86DF0C101BC45BA20058443C /* Release */ = {
			isa = XCBuildConfiguration;
			buildSettings = {
				ASSETCATALOG_COMPILER_APPICON_NAME = AppIcon;
				INFOPLIST_FILE = test2/Info.plist;
				LD_RUNPATH_SEARCH_PATHS = "$(inherited) @executable_path/Frameworks";
				PRODUCT_BUNDLE_IDENTIFIER = YunYing.test2;
				PRODUCT_NAME = "$(TARGET_NAME)";
			};
			name = Release;
		};
/* End XCBuildConfiguration section */

/* Begin XCConfigurationList section */
		86DF0BEF1BC45BA20058443C /* Build configuration list for PBXProject "test2" */ = {
			isa = XCConfigurationList;
			buildConfigurations = (
				86DF0C0C1BC45BA20058443C /* Debug */,
				86DF0C0D1BC45BA20058443C /* Release */,
			);
			defaultConfigurationIsVisible = 0;
			defaultConfigurationName = Release;
		};
		86DF0C0E1BC45BA20058443C /* Build configuration list for PBXNativeTarget "test2" */ = {
			isa = XCConfigurationList;
			buildConfigurations = (
				86DF0C0F1BC45BA20058443C /* Debug */,
				86DF0C101BC45BA20058443C /* Release */,
			);
			defaultConfigurationIsVisible = 0;
		};
/* End XCConfigurationList section */
	};
	rootObject = 86DF0BEC1BC45BA20058443C /* Project object */;
}
